// !$*UTF8*$!
{
	archiveVersion = 1;
	classes = {
	};
	objectVersion = 46;
	objects = {

/* Begin PBXBuildFile section */
		4C4EEC811816E00D00951B89 /* Foundation.framework in Frameworks */ = {isa = PBXBuildFile; fileRef = 4C4EEC801816E00D00951B89 /* Foundation.framework */; };
		4C4EEC831816E00D00951B89 /* CoreGraphics.framework in Frameworks */ = {isa = PBXBuildFile; fileRef = 4C4EEC821816E00D00951B89 /* CoreGraphics.framework */; };
		4C4EEC851816E00D00951B89 /* UIKit.framework in Frameworks */ = {isa = PBXBuildFile; fileRef = 4C4EEC841816E00D00951B89 /* UIKit.framework */; };
		4C4EEC8B1816E00D00951B89 /* InfoPlist.strings in Resources */ = {isa = PBXBuildFile; fileRef = 4C4EEC891816E00D00951B89 /* InfoPlist.strings */; };
		4C4EEC8D1816E00D00951B89 /* main.m in Sources */ = {isa = PBXBuildFile; fileRef = 4C4EEC8C1816E00D00951B89 /* main.m */; };
		4C4EEC931816E00D00951B89 /* Images.xcassets in Resources */ = {isa = PBXBuildFile; fileRef = 4C4EEC921816E00D00951B89 /* Images.xcassets */; };
		4C4EEC9A1816E00D00951B89 /* XCTest.framework in Frameworks */ = {isa = PBXBuildFile; fileRef = 4C4EEC991816E00D00951B89 /* XCTest.framework */; };
		4C4EEC9B1816E00D00951B89 /* Foundation.framework in Frameworks */ = {isa = PBXBuildFile; fileRef = 4C4EEC801816E00D00951B89 /* Foundation.framework */; };
		4C4EEC9C1816E00D00951B89 /* UIKit.framework in Frameworks */ = {isa = PBXBuildFile; fileRef = 4C4EEC841816E00D00951B89 /* UIKit.framework */; };
		4C4EECA41816E00D00951B89 /* InfoPlist.strings in Resources */ = {isa = PBXBuildFile; fileRef = 4C4EECA21816E00D00951B89 /* InfoPlist.strings */; };
		4C4EECA61816E00D00951B89 /* BlackAndWhiteTests.m in Sources */ = {isa = PBXBuildFile; fileRef = 4C4EECA51816E00D00951B89 /* BlackAndWhiteTests.m */; };
		4C4EECBE1816E05800951B89 /* AboutView.m in Sources */ = {isa = PBXBuildFile; fileRef = 4C4EECB01816E05800951B89 /* AboutView.m */; };
		4C4EECBF1816E05800951B89 /* AppDelegate.m in Sources */ = {isa = PBXBuildFile; fileRef = 4C4EECB21816E05800951B89 /* AppDelegate.m */; };
		4C4EECC01816E05800951B89 /* MainView.m in Sources */ = {isa = PBXBuildFile; fileRef = 4C4EECB41816E05800951B89 /* MainView.m */; };
		4C4EECC11816E05800951B89 /* PhotoHolderView.m in Sources */ = {isa = PBXBuildFile; fileRef = 4C4EECB61816E05800951B89 /* PhotoHolderView.m */; };
		4C4EECC21816E05800951B89 /* PhotosView.m in Sources */ = {isa = PBXBuildFile; fileRef = 4C4EECB81816E05800951B89 /* PhotosView.m */; };
		4C4EECC31816E05800951B89 /* RootViewController.m in Sources */ = {isa = PBXBuildFile; fileRef = 4C4EECBA1816E05800951B89 /* RootViewController.m */; };
		4C4EECC41816E05800951B89 /* SignupView.m in Sources */ = {isa = PBXBuildFile; fileRef = 4C4EECBC1816E05800951B89 /* SignupView.m */; };
		4C4EECE91816E06400951B89 /* 1.jpg in Resources */ = {isa = PBXBuildFile; fileRef = 4C4EECC61816E06400951B89 /* 1.jpg */; };
		4C4EECEA1816E06400951B89 /* 10.jpg in Resources */ = {isa = PBXBuildFile; fileRef = 4C4EECC71816E06400951B89 /* 10.jpg */; };
		4C4EECEB1816E06400951B89 /* 11.jpg in Resources */ = {isa = PBXBuildFile; fileRef = 4C4EECC81816E06400951B89 /* 11.jpg */; };
		4C4EECEC1816E06400951B89 /* 12.jpg in Resources */ = {isa = PBXBuildFile; fileRef = 4C4EECC91816E06400951B89 /* 12.jpg */; };
		4C4EECED1816E06400951B89 /* 13.jpg in Resources */ = {isa = PBXBuildFile; fileRef = 4C4EECCA1816E06400951B89 /* 13.jpg */; };
		4C4EECEE1816E06400951B89 /* 14.jpg in Resources */ = {isa = PBXBuildFile; fileRef = 4C4EECCB1816E06400951B89 /* 14.jpg */; };
		4C4EECEF1816E06400951B89 /* 15.jpg in Resources */ = {isa = PBXBuildFile; fileRef = 4C4EECCC1816E06400951B89 /* 15.jpg */; };
		4C4EECF01816E06400951B89 /* 16.jpg in Resources */ = {isa = PBXBuildFile; fileRef = 4C4EECCD1816E06400951B89 /* 16.jpg */; };
		4C4EECF11816E06400951B89 /* 17.jpg in Resources */ = {isa = PBXBuildFile; fileRef = 4C4EECCE1816E06400951B89 /* 17.jpg */; };
		4C4EECF21816E06400951B89 /* 18.jpg in Resources */ = {isa = PBXBuildFile; fileRef = 4C4EECCF1816E06400951B89 /* 18.jpg */; };
		4C4EECF31816E06400951B89 /* 19.jpg in Resources */ = {isa = PBXBuildFile; fileRef = 4C4EECD01816E06400951B89 /* 19.jpg */; };
		4C4EECF41816E06400951B89 /* 2.jpg in Resources */ = {isa = PBXBuildFile; fileRef = 4C4EECD11816E06400951B89 /* 2.jpg */; };
		4C4EECF51816E06400951B89 /* 20.jpg in Resources */ = {isa = PBXBuildFile; fileRef = 4C4EECD21816E06400951B89 /* 20.jpg */; };
		4C4EECF61816E06400951B89 /* 21.jpg in Resources */ = {isa = PBXBuildFile; fileRef = 4C4EECD31816E06400951B89 /* 21.jpg */; };
		4C4EECF71816E06400951B89 /* 22.jpg in Resources */ = {isa = PBXBuildFile; fileRef = 4C4EECD41816E06400951B89 /* 22.jpg */; };
		4C4EECF81816E06400951B89 /* 23.jpg in Resources */ = {isa = PBXBuildFile; fileRef = 4C4EECD51816E06400951B89 /* 23.jpg */; };
		4C4EECF91816E06400951B89 /* 24.jpg in Resources */ = {isa = PBXBuildFile; fileRef = 4C4EECD61816E06400951B89 /* 24.jpg */; };
		4C4EECFA1816E06400951B89 /* 25.jpg in Resources */ = {isa = PBXBuildFile; fileRef = 4C4EECD71816E06400951B89 /* 25.jpg */; };
		4C4EECFB1816E06400951B89 /* 26.jpg in Resources */ = {isa = PBXBuildFile; fileRef = 4C4EECD81816E06400951B89 /* 26.jpg */; };
		4C4EECFC1816E06400951B89 /* 27.jpg in Resources */ = {isa = PBXBuildFile; fileRef = 4C4EECD91816E06400951B89 /* 27.jpg */; };
		4C4EECFD1816E06400951B89 /* 28.jpg in Resources */ = {isa = PBXBuildFile; fileRef = 4C4EECDA1816E06400951B89 /* 28.jpg */; };
		4C4EECFE1816E06400951B89 /* 29.jpg in Resources */ = {isa = PBXBuildFile; fileRef = 4C4EECDB1816E06400951B89 /* 29.jpg */; };
		4C4EECFF1816E06400951B89 /* 3.jpg in Resources */ = {isa = PBXBuildFile; fileRef = 4C4EECDC1816E06400951B89 /* 3.jpg */; };
		4C4EED001816E06400951B89 /* 30.jpg in Resources */ = {isa = PBXBuildFile; fileRef = 4C4EECDD1816E06400951B89 /* 30.jpg */; };
		4C4EED011816E06400951B89 /* 31.jpg in Resources */ = {isa = PBXBuildFile; fileRef = 4C4EECDE1816E06400951B89 /* 31.jpg */; };
		4C4EED021816E06400951B89 /* 32.jpg in Resources */ = {isa = PBXBuildFile; fileRef = 4C4EECDF1816E06400951B89 /* 32.jpg */; };
		4C4EED031816E06400951B89 /* 33.jpg in Resources */ = {isa = PBXBuildFile; fileRef = 4C4EECE01816E06400951B89 /* 33.jpg */; };
		4C4EED041816E06400951B89 /* 4.jpg in Resources */ = {isa = PBXBuildFile; fileRef = 4C4EECE11816E06400951B89 /* 4.jpg */; };
		4C4EED051816E06400951B89 /* 5.jpg in Resources */ = {isa = PBXBuildFile; fileRef = 4C4EECE21816E06400951B89 /* 5.jpg */; };
		4C4EED061816E06400951B89 /* 6.jpg in Resources */ = {isa = PBXBuildFile; fileRef = 4C4EECE31816E06400951B89 /* 6.jpg */; };
		4C4EED071816E06400951B89 /* 7.jpg in Resources */ = {isa = PBXBuildFile; fileRef = 4C4EECE41816E06400951B89 /* 7.jpg */; };
		4C4EED081816E06400951B89 /* 8.jpg in Resources */ = {isa = PBXBuildFile; fileRef = 4C4EECE51816E06400951B89 /* 8.jpg */; };
		4C4EED091816E06400951B89 /* 9.jpg in Resources */ = {isa = PBXBuildFile; fileRef = 4C4EECE61816E06400951B89 /* 9.jpg */; };
		4C4EED0A1816E06400951B89 /* background.jpg in Resources */ = {isa = PBXBuildFile; fileRef = 4C4EECE71816E06400951B89 /* background.jpg */; };
		4C4EED0B1816E06400951B89 /* title.jpg in Resources */ = {isa = PBXBuildFile; fileRef = 4C4EECE81816E06400951B89 /* title.jpg */; };
		4C4EED0D1816E06E00951B89 /* about.txt in Resources */ = {isa = PBXBuildFile; fileRef = 4C4EED0C1816E06E00951B89 /* about.txt */; };
		4C4EED101816E08800951B89 /* QuartzCore.framework in Frameworks */ = {isa = PBXBuildFile; fileRef = 4C4EED0F1816E08800951B89 /* QuartzCore.framework */; };
/* End PBXBuildFile section */

/* Begin PBXContainerItemProxy section */
		4C4EEC9D1816E00D00951B89 /* PBXContainerItemProxy */ = {
			isa = PBXContainerItemProxy;
			containerPortal = 4C4EEC751816E00C00951B89 /* Project object */;
			proxyType = 1;
			remoteGlobalIDString = 4C4EEC7C1816E00D00951B89;
			remoteInfo = BlackAndWhite;
		};
/* End PBXContainerItemProxy section */

/* Begin PBXFileReference section */
		4C4EEC7D1816E00D00951B89 /* BlackAndWhite.app */ = {isa = PBXFileReference; explicitFileType = wrapper.application; includeInIndex = 0; path = BlackAndWhite.app; sourceTree = BUILT_PRODUCTS_DIR; };
		4C4EEC801816E00D00951B89 /* Foundation.framework */ = {isa = PBXFileReference; lastKnownFileType = wrapper.framework; name = Foundation.framework; path = System/Library/Frameworks/Foundation.framework; sourceTree = SDKROOT; };
		4C4EEC821816E00D00951B89 /* CoreGraphics.framework */ = {isa = PBXFileReference; lastKnownFileType = wrapper.framework; name = CoreGraphics.framework; path = System/Library/Frameworks/CoreGraphics.framework; sourceTree = SDKROOT; };
		4C4EEC841816E00D00951B89 /* UIKit.framework */ = {isa = PBXFileReference; lastKnownFileType = wrapper.framework; name = UIKit.framework; path = System/Library/Frameworks/UIKit.framework; sourceTree = SDKROOT; };
		4C4EEC881816E00D00951B89 /* BlackAndWhite-Info.plist */ = {isa = PBXFileReference; lastKnownFileType = text.plist.xml; path = "BlackAndWhite-Info.plist"; sourceTree = "<group>"; };
		4C4EEC8A1816E00D00951B89 /* en */ = {isa = PBXFileReference; lastKnownFileType = text.plist.strings; name = en; path = en.lproj/InfoPlist.strings; sourceTree = "<group>"; };
		4C4EEC8C1816E00D00951B89 /* main.m */ = {isa = PBXFileReference; lastKnownFileType = sourcecode.c.objc; path = main.m; sourceTree = "<group>"; };
		4C4EEC8E1816E00D00951B89 /* BlackAndWhite-Prefix.pch */ = {isa = PBXFileReference; lastKnownFileType = sourcecode.c.h; path = "BlackAndWhite-Prefix.pch"; sourceTree = "<group>"; };
		4C4EEC921816E00D00951B89 /* Images.xcassets */ = {isa = PBXFileReference; lastKnownFileType = folder.assetcatalog; path = Images.xcassets; sourceTree = "<group>"; };
		4C4EEC981816E00D00951B89 /* BlackAndWhiteTests.xctest */ = {isa = PBXFileReference; explicitFileType = wrapper.cfbundle; includeInIndex = 0; path = BlackAndWhiteTests.xctest; sourceTree = BUILT_PRODUCTS_DIR; };
		4C4EEC991816E00D00951B89 /* XCTest.framework */ = {isa = PBXFileReference; lastKnownFileType = wrapper.framework; name = XCTest.framework; path = Library/Frameworks/XCTest.framework; sourceTree = DEVELOPER_DIR; };
		4C4EECA11816E00D00951B89 /* BlackAndWhiteTests-Info.plist */ = {isa = PBXFileReference; lastKnownFileType = text.plist.xml; path = "BlackAndWhiteTests-Info.plist"; sourceTree = "<group>"; };
		4C4EECA31816E00D00951B89 /* en */ = {isa = PBXFileReference; lastKnownFileType = text.plist.strings; name = en; path = en.lproj/InfoPlist.strings; sourceTree = "<group>"; };
		4C4EECA51816E00D00951B89 /* BlackAndWhiteTests.m */ = {isa = PBXFileReference; lastKnownFileType = sourcecode.c.objc; path = BlackAndWhiteTests.m; sourceTree = "<group>"; };
		4C4EECAF1816E05800951B89 /* AboutView.h */ = {isa = PBXFileReference; fileEncoding = 4; lastKnownFileType = sourcecode.c.h; path = AboutView.h; sourceTree = "<group>"; };
		4C4EECB01816E05800951B89 /* AboutView.m */ = {isa = PBXFileReference; fileEncoding = 4; lastKnownFileType = sourcecode.c.objc; path = AboutView.m; sourceTree = "<group>"; };
		4C4EECB11816E05800951B89 /* AppDelegate.h */ = {isa = PBXFileReference; fileEncoding = 4; lastKnownFileType = sourcecode.c.h; path = AppDelegate.h; sourceTree = "<group>"; };
		4C4EECB21816E05800951B89 /* AppDelegate.m */ = {isa = PBXFileReference; fileEncoding = 4; lastKnownFileType = sourcecode.c.objc; path = AppDelegate.m; sourceTree = "<group>"; };
		4C4EECB31816E05800951B89 /* MainView.h */ = {isa = PBXFileReference; fileEncoding = 4; lastKnownFileType = sourcecode.c.h; path = MainView.h; sourceTree = "<group>"; };
		4C4EECB41816E05800951B89 /* MainView.m */ = {isa = PBXFileReference; fileEncoding = 4; lastKnownFileType = sourcecode.c.objc; path = MainView.m; sourceTree = "<group>"; };
		4C4EECB51816E05800951B89 /* PhotoHolderView.h */ = {isa = PBXFileReference; fileEncoding = 4; lastKnownFileType = sourcecode.c.h; path = PhotoHolderView.h; sourceTree = "<group>"; };
		4C4EECB61816E05800951B89 /* PhotoHolderView.m */ = {isa = PBXFileReference; fileEncoding = 4; lastKnownFileType = sourcecode.c.objc; path = PhotoHolderView.m; sourceTree = "<group>"; };
		4C4EECB71816E05800951B89 /* PhotosView.h */ = {isa = PBXFileReference; fileEncoding = 4; lastKnownFileType = sourcecode.c.h; path = PhotosView.h; sourceTree = "<group>"; };
		4C4EECB81816E05800951B89 /* PhotosView.m */ = {isa = PBXFileReference; fileEncoding = 4; lastKnownFileType = sourcecode.c.objc; path = PhotosView.m; sourceTree = "<group>"; };
		4C4EECB91816E05800951B89 /* RootViewController.h */ = {isa = PBXFileReference; fileEncoding = 4; lastKnownFileType = sourcecode.c.h; path = RootViewController.h; sourceTree = "<group>"; };
		4C4EECBA1816E05800951B89 /* RootViewController.m */ = {isa = PBXFileReference; fileEncoding = 4; lastKnownFileType = sourcecode.c.objc; path = RootViewController.m; sourceTree = "<group>"; };
		4C4EECBB1816E05800951B89 /* SignupView.h */ = {isa = PBXFileReference; fileEncoding = 4; lastKnownFileType = sourcecode.c.h; path = SignupView.h; sourceTree = "<group>"; };
		4C4EECBC1816E05800951B89 /* SignupView.m */ = {isa = PBXFileReference; fileEncoding = 4; lastKnownFileType = sourcecode.c.objc; path = SignupView.m; sourceTree = "<group>"; };
		4C4EECBD1816E05800951B89 /* SwitchViewDelegate.h */ = {isa = PBXFileReference; fileEncoding = 4; lastKnownFileType = sourcecode.c.h; path = SwitchViewDelegate.h; sourceTree = "<group>"; };
		4C4EECC61816E06400951B89 /* 1.jpg */ = {isa = PBXFileReference; lastKnownFileType = image.jpeg; path = 1.jpg; sourceTree = "<group>"; };
		4C4EECC71816E06400951B89 /* 10.jpg */ = {isa = PBXFileReference; lastKnownFileType = image.jpeg; path = 10.jpg; sourceTree = "<group>"; };
		4C4EECC81816E06400951B89 /* 11.jpg */ = {isa = PBXFileReference; lastKnownFileType = image.jpeg; path = 11.jpg; sourceTree = "<group>"; };
		4C4EECC91816E06400951B89 /* 12.jpg */ = {isa = PBXFileReference; lastKnownFileType = image.jpeg; path = 12.jpg; sourceTree = "<group>"; };
		4C4EECCA1816E06400951B89 /* 13.jpg */ = {isa = PBXFileReference; lastKnownFileType = image.jpeg; path = 13.jpg; sourceTree = "<group>"; };
		4C4EECCB1816E06400951B89 /* 14.jpg */ = {isa = PBXFileReference; lastKnownFileType = image.jpeg; path = 14.jpg; sourceTree = "<group>"; };
		4C4EECCC1816E06400951B89 /* 15.jpg */ = {isa = PBXFileReference; lastKnownFileType = image.jpeg; path = 15.jpg; sourceTree = "<group>"; };
		4C4EECCD1816E06400951B89 /* 16.jpg */ = {isa = PBXFileReference; lastKnownFileType = image.jpeg; path = 16.jpg; sourceTree = "<group>"; };
		4C4EECCE1816E06400951B89 /* 17.jpg */ = {isa = PBXFileReference; lastKnownFileType = image.jpeg; path = 17.jpg; sourceTree = "<group>"; };
		4C4EECCF1816E06400951B89 /* 18.jpg */ = {isa = PBXFileReference; lastKnownFileType = image.jpeg; path = 18.jpg; sourceTree = "<group>"; };
		4C4EECD01816E06400951B89 /* 19.jpg */ = {isa = PBXFileReference; lastKnownFileType = image.jpeg; path = 19.jpg; sourceTree = "<group>"; };
		4C4EECD11816E06400951B89 /* 2.jpg */ = {isa = PBXFileReference; lastKnownFileType = image.jpeg; path = 2.jpg; sourceTree = "<group>"; };
		4C4EECD21816E06400951B89 /* 20.jpg */ = {isa = PBXFileReference; lastKnownFileType = image.jpeg; path = 20.jpg; sourceTree = "<group>"; };
		4C4EECD31816E06400951B89 /* 21.jpg */ = {isa = PBXFileReference; lastKnownFileType = image.jpeg; path = 21.jpg; sourceTree = "<group>"; };
		4C4EECD41816E06400951B89 /* 22.jpg */ = {isa = PBXFileReference; lastKnownFileType = image.jpeg; path = 22.jpg; sourceTree = "<group>"; };
		4C4EECD51816E06400951B89 /* 23.jpg */ = {isa = PBXFileReference; lastKnownFileType = image.jpeg; path = 23.jpg; sourceTree = "<group>"; };
		4C4EECD61816E06400951B89 /* 24.jpg */ = {isa = PBXFileReference; lastKnownFileType = image.jpeg; path = 24.jpg; sourceTree = "<group>"; };
		4C4EECD71816E06400951B89 /* 25.jpg */ = {isa = PBXFileReference; lastKnownFileType = image.jpeg; path = 25.jpg; sourceTree = "<group>"; };
		4C4EECD81816E06400951B89 /* 26.jpg */ = {isa = PBXFileReference; lastKnownFileType = image.jpeg; path = 26.jpg; sourceTree = "<group>"; };
		4C4EECD91816E06400951B89 /* 27.jpg */ = {isa = PBXFileReference; lastKnownFileType = image.jpeg; path = 27.jpg; sourceTree = "<group>"; };
		4C4EECDA1816E06400951B89 /* 28.jpg */ = {isa = PBXFileReference; lastKnownFileType = image.jpeg; path = 28.jpg; sourceTree = "<group>"; };
		4C4EECDB1816E06400951B89 /* 29.jpg */ = {isa = PBXFileReference; lastKnownFileType = image.jpeg; path = 29.jpg; sourceTree = "<group>"; };
		4C4EECDC1816E06400951B89 /* 3.jpg */ = {isa = PBXFileReference; lastKnownFileType = image.jpeg; path = 3.jpg; sourceTree = "<group>"; };
		4C4EECDD1816E06400951B89 /* 30.jpg */ = {isa = PBXFileReference; lastKnownFileType = image.jpeg; path = 30.jpg; sourceTree = "<group>"; };
		4C4EECDE1816E06400951B89 /* 31.jpg */ = {isa = PBXFileReference; lastKnownFileType = image.jpeg; path = 31.jpg; sourceTree = "<group>"; };
		4C4EECDF1816E06400951B89 /* 32.jpg */ = {isa = PBXFileReference; lastKnownFileType = image.jpeg; path = 32.jpg; sourceTree = "<group>"; };
		4C4EECE01816E06400951B89 /* 33.jpg */ = {isa = PBXFileReference; lastKnownFileType = image.jpeg; path = 33.jpg; sourceTree = "<group>"; };
		4C4EECE11816E06400951B89 /* 4.jpg */ = {isa = PBXFileReference; lastKnownFileType = image.jpeg; path = 4.jpg; sourceTree = "<group>"; };
		4C4EECE21816E06400951B89 /* 5.jpg */ = {isa = PBXFileReference; lastKnownFileType = image.jpeg; path = 5.jpg; sourceTree = "<group>"; };
		4C4EECE31816E06400951B89 /* 6.jpg */ = {isa = PBXFileReference; lastKnownFileType = image.jpeg; path = 6.jpg; sourceTree = "<group>"; };
		4C4EECE41816E06400951B89 /* 7.jpg */ = {isa = PBXFileReference; lastKnownFileType = image.jpeg; path = 7.jpg; sourceTree = "<group>"; };
		4C4EECE51816E06400951B89 /* 8.jpg */ = {isa = PBXFileReference; lastKnownFileType = image.jpeg; path = 8.jpg; sourceTree = "<group>"; };
		4C4EECE61816E06400951B89 /* 9.jpg */ = {isa = PBXFileReference; lastKnownFileType = image.jpeg; path = 9.jpg; sourceTree = "<group>"; };
		4C4EECE71816E06400951B89 /* background.jpg */ = {isa = PBXFileReference; lastKnownFileType = image.jpeg; path = background.jpg; sourceTree = "<group>"; };
		4C4EECE81816E06400951B89 /* title.jpg */ = {isa = PBXFileReference; lastKnownFileType = image.jpeg; path = title.jpg; sourceTree = "<group>"; };
		4C4EED0C1816E06E00951B89 /* about.txt */ = {isa = PBXFileReference; fileEncoding = 4; lastKnownFileType = text; path = about.txt; sourceTree = "<group>"; };
		4C4EED0E1816E07A00951B89 /* Constants.h */ = {isa = PBXFileReference; lastKnownFileType = sourcecode.c.h; path = Constants.h; sourceTree = "<group>"; };
		4C4EED0F1816E08800951B89 /* QuartzCore.framework */ = {isa = PBXFileReference; lastKnownFileType = wrapper.framework; name = QuartzCore.framework; path = System/Library/Frameworks/QuartzCore.framework; sourceTree = SDKROOT; };
/* End PBXFileReference section */

/* Begin PBXFrameworksBuildPhase section */
		4C4EEC7A1816E00D00951B89 /* Frameworks */ = {
			isa = PBXFrameworksBuildPhase;
			buildActionMask = 2147483647;
			files = (
				4C4EED101816E08800951B89 /* QuartzCore.framework in Frameworks */,
				4C4EEC831816E00D00951B89 /* CoreGraphics.framework in Frameworks */,
				4C4EEC851816E00D00951B89 /* UIKit.framework in Frameworks */,
				4C4EEC811816E00D00951B89 /* Foundation.framework in Frameworks */,
			);
			runOnlyForDeploymentPostprocessing = 0;
		};
		4C4EEC951816E00D00951B89 /* Frameworks */ = {
			isa = PBXFrameworksBuildPhase;
			buildActionMask = 2147483647;
			files = (
				4C4EEC9A1816E00D00951B89 /* XCTest.framework in Frameworks */,
				4C4EEC9C1816E00D00951B89 /* UIKit.framework in Frameworks */,
				4C4EEC9B1816E00D00951B89 /* Foundation.framework in Frameworks */,
			);
			runOnlyForDeploymentPostprocessing = 0;
		};
/* End PBXFrameworksBuildPhase section */

/* Begin PBXGroup section */
		4C4EEC741816E00C00951B89 = {
			isa = PBXGroup;
			children = (
				4C4EEC861816E00D00951B89 /* BlackAndWhite */,
				4C4EEC9F1816E00D00951B89 /* BlackAndWhiteTests */,
				4C4EEC7F1816E00D00951B89 /* Frameworks */,
				4C4EEC7E1816E00D00951B89 /* Products */,
			);
			sourceTree = "<group>";
		};
		4C4EEC7E1816E00D00951B89 /* Products */ = {
			isa = PBXGroup;
			children = (
				4C4EEC7D1816E00D00951B89 /* BlackAndWhite.app */,
				4C4EEC981816E00D00951B89 /* BlackAndWhiteTests.xctest */,
			);
			name = Products;
			sourceTree = "<group>";
		};
		4C4EEC7F1816E00D00951B89 /* Frameworks */ = {
			isa = PBXGroup;
			children = (
				4C4EED0F1816E08800951B89 /* QuartzCore.framework */,
				4C4EEC801816E00D00951B89 /* Foundation.framework */,
				4C4EEC821816E00D00951B89 /* CoreGraphics.framework */,
				4C4EEC841816E00D00951B89 /* UIKit.framework */,
				4C4EEC991816E00D00951B89 /* XCTest.framework */,
			);
			name = Frameworks;
			sourceTree = "<group>";
		};
		4C4EEC861816E00D00951B89 /* BlackAndWhite */ = {
			isa = PBXGroup;
			children = (
				4C4EECB11816E05800951B89 /* AppDelegate.h */,
				4C4EECB21816E05800951B89 /* AppDelegate.m */,
				4C4EECB91816E05800951B89 /* RootViewController.h */,
				4C4EECBA1816E05800951B89 /* RootViewController.m */,
				4C4EECB31816E05800951B89 /* MainView.h */,
				4C4EECB41816E05800951B89 /* MainView.m */,
				4C4EECB71816E05800951B89 /* PhotosView.h */,
				4C4EECB81816E05800951B89 /* PhotosView.m */,
				4C4EECB51816E05800951B89 /* PhotoHolderView.h */,
				4C4EECB61816E05800951B89 /* PhotoHolderView.m */,
				4C4EECAF1816E05800951B89 /* AboutView.h */,
				4C4EECB01816E05800951B89 /* AboutView.m */,
				4C4EECBB1816E05800951B89 /* SignupView.h */,
				4C4EECBC1816E05800951B89 /* SignupView.m */,
				4C4EECBD1816E05800951B89 /* SwitchViewDelegate.h */,
				4C4EEC921816E00D00951B89 /* Images.xcassets */,
				4C4EEC871816E00D00951B89 /* Supporting Files */,
			);
			path = BlackAndWhite;
			sourceTree = "<group>";
		};
		4C4EEC871816E00D00951B89 /* Supporting Files */ = {
			isa = PBXGroup;
			children = (
				4C4EED0E1816E07A00951B89 /* Constants.h */,
				4C4EED0C1816E06E00951B89 /* about.txt */,
				4C4EECC51816E06400951B89 /* images */,
				4C4EEC881816E00D00951B89 /* BlackAndWhite-Info.plist */,
				4C4EEC891816E00D00951B89 /* InfoPlist.strings */,
				4C4EEC8C1816E00D00951B89 /* main.m */,
				4C4EEC8E1816E00D00951B89 /* BlackAndWhite-Prefix.pch */,
			);
			name = "Supporting Files";
			sourceTree = "<group>";
		};
		4C4EEC9F1816E00D00951B89 /* BlackAndWhiteTests */ = {
			isa = PBXGroup;
			children = (
				4C4EECA51816E00D00951B89 /* BlackAndWhiteTests.m */,
				4C4EECA01816E00D00951B89 /* Supporting Files */,
			);
			path = BlackAndWhiteTests;
			sourceTree = "<group>";
		};
		4C4EECA01816E00D00951B89 /* Supporting Files */ = {
			isa = PBXGroup;
			children = (
				4C4EECA11816E00D00951B89 /* BlackAndWhiteTests-Info.plist */,
				4C4EECA21816E00D00951B89 /* InfoPlist.strings */,
			);
			name = "Supporting Files";
			sourceTree = "<group>";
		};
		4C4EECC51816E06400951B89 /* images */ = {
			isa = PBXGroup;
			children = (
				4C4EECC61816E06400951B89 /* 1.jpg */,
				4C4EECC71816E06400951B89 /* 10.jpg */,
				4C4EECC81816E06400951B89 /* 11.jpg */,
				4C4EECC91816E06400951B89 /* 12.jpg */,
				4C4EECCA1816E06400951B89 /* 13.jpg */,
				4C4EECCB1816E06400951B89 /* 14.jpg */,
				4C4EECCC1816E06400951B89 /* 15.jpg */,
				4C4EECCD1816E06400951B89 /* 16.jpg */,
				4C4EECCE1816E06400951B89 /* 17.jpg */,
				4C4EECCF1816E06400951B89 /* 18.jpg */,
				4C4EECD01816E06400951B89 /* 19.jpg */,
				4C4EECD11816E06400951B89 /* 2.jpg */,
				4C4EECD21816E06400951B89 /* 20.jpg */,
				4C4EECD31816E06400951B89 /* 21.jpg */,
				4C4EECD41816E06400951B89 /* 22.jpg */,
				4C4EECD51816E06400951B89 /* 23.jpg */,
				4C4EECD61816E06400951B89 /* 24.jpg */,
				4C4EECD71816E06400951B89 /* 25.jpg */,
				4C4EECD81816E06400951B89 /* 26.jpg */,
				4C4EECD91816E06400951B89 /* 27.jpg */,
				4C4EECDA1816E06400951B89 /* 28.jpg */,
				4C4EECDB1816E06400951B89 /* 29.jpg */,
				4C4EECDC1816E06400951B89 /* 3.jpg */,
				4C4EECDD1816E06400951B89 /* 30.jpg */,
				4C4EECDE1816E06400951B89 /* 31.jpg */,
				4C4EECDF1816E06400951B89 /* 32.jpg */,
				4C4EECE01816E06400951B89 /* 33.jpg */,
				4C4EECE11816E06400951B89 /* 4.jpg */,
				4C4EECE21816E06400951B89 /* 5.jpg */,
				4C4EECE31816E06400951B89 /* 6.jpg */,
				4C4EECE41816E06400951B89 /* 7.jpg */,
				4C4EECE51816E06400951B89 /* 8.jpg */,
				4C4EECE61816E06400951B89 /* 9.jpg */,
				4C4EECE71816E06400951B89 /* background.jpg */,
				4C4EECE81816E06400951B89 /* title.jpg */,
			);
			path = images;
			sourceTree = "<group>";
		};
/* End PBXGroup section */

/* Begin PBXNativeTarget section */
		4C4EEC7C1816E00D00951B89 /* BlackAndWhite */ = {
			isa = PBXNativeTarget;
			buildConfigurationList = 4C4EECA91816E00D00951B89 /* Build configuration list for PBXNativeTarget "BlackAndWhite" */;
			buildPhases = (
				4C4EEC791816E00D00951B89 /* Sources */,
				4C4EEC7A1816E00D00951B89 /* Frameworks */,
				4C4EEC7B1816E00D00951B89 /* Resources */,
			);
			buildRules = (
			);
			dependencies = (
			);
			name = BlackAndWhite;
			productName = BlackAndWhite;
			productReference = 4C4EEC7D1816E00D00951B89 /* BlackAndWhite.app */;
			productType = "com.apple.product-type.application";
		};
		4C4EEC971816E00D00951B89 /* BlackAndWhiteTests */ = {
			isa = PBXNativeTarget;
			buildConfigurationList = 4C4EECAC1816E00D00951B89 /* Build configuration list for PBXNativeTarget "BlackAndWhiteTests" */;
			buildPhases = (
				4C4EEC941816E00D00951B89 /* Sources */,
				4C4EEC951816E00D00951B89 /* Frameworks */,
				4C4EEC961816E00D00951B89 /* Resources */,
			);
			buildRules = (
			);
			dependencies = (
				4C4EEC9E1816E00D00951B89 /* PBXTargetDependency */,
			);
			name = BlackAndWhiteTests;
			productName = BlackAndWhiteTests;
			productReference = 4C4EEC981816E00D00951B89 /* BlackAndWhiteTests.xctest */;
			productType = "com.apple.product-type.bundle.unit-test";
		};
/* End PBXNativeTarget section */

/* Begin PBXProject section */
		4C4EEC751816E00C00951B89 /* Project object */ = {
			isa = PBXProject;
			attributes = {
				LastUpgradeCheck = 0500;
				ORGANIZATIONNAME = "Udo Hoppenworth";
				TargetAttributes = {
					4C4EEC971816E00D00951B89 = {
						TestTargetID = 4C4EEC7C1816E00D00951B89;
					};
				};
			};
			buildConfigurationList = 4C4EEC781816E00C00951B89 /* Build configuration list for PBXProject "BlackAndWhite" */;
			compatibilityVersion = "Xcode 3.2";
			developmentRegion = English;
			hasScannedForEncodings = 0;
			knownRegions = (
				en,
			);
			mainGroup = 4C4EEC741816E00C00951B89;
			productRefGroup = 4C4EEC7E1816E00D00951B89 /* Products */;
			projectDirPath = "";
			projectRoot = "";
			targets = (
				4C4EEC7C1816E00D00951B89 /* BlackAndWhite */,
				4C4EEC971816E00D00951B89 /* BlackAndWhiteTests */,
			);
		};
/* End PBXProject section */

/* Begin PBXResourcesBuildPhase section */
		4C4EEC7B1816E00D00951B89 /* Resources */ = {
			isa = PBXResourcesBuildPhase;
			buildActionMask = 2147483647;
			files = (
				4C4EED071816E06400951B89 /* 7.jpg in Resources */,
				4C4EED0B1816E06400951B89 /* title.jpg in Resources */,
				4C4EED001816E06400951B89 /* 30.jpg in Resources */,
				4C4EECFA1816E06400951B89 /* 25.jpg in Resources */,
				4C4EECF31816E06400951B89 /* 19.jpg in Resources */,
				4C4EECF91816E06400951B89 /* 24.jpg in Resources */,
				4C4EECF01816E06400951B89 /* 16.jpg in Resources */,
				4C4EECF41816E06400951B89 /* 2.jpg in Resources */,
				4C4EECFF1816E06400951B89 /* 3.jpg in Resources */,
				4C4EECEB1816E06400951B89 /* 11.jpg in Resources */,
				4C4EED0A1816E06400951B89 /* background.jpg in Resources */,
				4C4EECF21816E06400951B89 /* 18.jpg in Resources */,
				4C4EECF51816E06400951B89 /* 20.jpg in Resources */,
				4C4EED061816E06400951B89 /* 6.jpg in Resources */,
				4C4EED0D1816E06E00951B89 /* about.txt in Resources */,
				4C4EECFE1816E06400951B89 /* 29.jpg in Resources */,
				4C4EED011816E06400951B89 /* 31.jpg in Resources */,
				4C4EECE91816E06400951B89 /* 1.jpg in Resources */,
				4C4EECEE1816E06400951B89 /* 14.jpg in Resources */,
				4C4EED021816E06400951B89 /* 32.jpg in Resources */,
				4C4EED031816E06400951B89 /* 33.jpg in Resources */,
				4C4EECF71816E06400951B89 /* 22.jpg in Resources */,
				4C4EECF61816E06400951B89 /* 21.jpg in Resources */,
				4C4EED041816E06400951B89 /* 4.jpg in Resources */,
				4C4EECF11816E06400951B89 /* 17.jpg in Resources */,
				4C4EECEC1816E06400951B89 /* 12.jpg in Resources */,
				4C4EED091816E06400951B89 /* 9.jpg in Resources */,
				4C4EECFC1816E06400951B89 /* 27.jpg in Resources */,
				4C4EEC8B1816E00D00951B89 /* InfoPlist.strings in Resources */,
				4C4EECEA1816E06400951B89 /* 10.jpg in Resources */,
				4C4EECF81816E06400951B89 /* 23.jpg in Resources */,
				4C4EECFB1816E06400951B89 /* 26.jpg in Resources */,
				4C4EED081816E06400951B89 /* 8.jpg in Resources */,
				4C4EEC931816E00D00951B89 /* Images.xcassets in Resources */,
				4C4EECED1816E06400951B89 /* 13.jpg in Resources */,
				4C4EECFD1816E06400951B89 /* 28.jpg in Resources */,
				4C4EED051816E06400951B89 /* 5.jpg in Resources */,
				4C4EECEF1816E06400951B89 /* 15.jpg in Resources */,
			);
			runOnlyForDeploymentPostprocessing = 0;
		};
		4C4EEC961816E00D00951B89 /* Resources */ = {
			isa = PBXResourcesBuildPhase;
			buildActionMask = 2147483647;
			files = (
				4C4EECA41816E00D00951B89 /* InfoPlist.strings in Resources */,
			);
			runOnlyForDeploymentPostprocessing = 0;
		};
/* End PBXResourcesBuildPhase section */

/* Begin PBXSourcesBuildPhase section */
		4C4EEC791816E00D00951B89 /* Sources */ = {
			isa = PBXSourcesBuildPhase;
			buildActionMask = 2147483647;
			files = (
				4C4EECC41816E05800951B89 /* SignupView.m in Sources */,
				4C4EECBE1816E05800951B89 /* AboutView.m in Sources */,
				4C4EECC31816E05800951B89 /* RootViewController.m in Sources */,
				4C4EECC01816E05800951B89 /* MainView.m in Sources */,
				4C4EEC8D1816E00D00951B89 /* main.m in Sources */,
				4C4EECC21816E05800951B89 /* PhotosView.m in Sources */,
				4C4EECBF1816E05800951B89 /* AppDelegate.m in Sources */,
				4C4EECC11816E05800951B89 /* PhotoHolderView.m in Sources */,
			);
			runOnlyForDeploymentPostprocessing = 0;
		};
		4C4EEC941816E00D00951B89 /* Sources */ = {
			isa = PBXSourcesBuildPhase;
			buildActionMask = 2147483647;
			files = (
				4C4EECA61816E00D00951B89 /* BlackAndWhiteTests.m in Sources */,
			);
			runOnlyForDeploymentPostprocessing = 0;
		};
/* End PBXSourcesBuildPhase section */

/* Begin PBXTargetDependency section */
		4C4EEC9E1816E00D00951B89 /* PBXTargetDependency */ = {
			isa = PBXTargetDependency;
			target = 4C4EEC7C1816E00D00951B89 /* BlackAndWhite */;
			targetProxy = 4C4EEC9D1816E00D00951B89 /* PBXContainerItemProxy */;
		};
/* End PBXTargetDependency section */

/* Begin PBXVariantGroup section */
		4C4EEC891816E00D00951B89 /* InfoPlist.strings */ = {
			isa = PBXVariantGroup;
			children = (
				4C4EEC8A1816E00D00951B89 /* en */,
			);
			name = InfoPlist.strings;
			sourceTree = "<group>";
		};
		4C4EECA21816E00D00951B89 /* InfoPlist.strings */ = {
			isa = PBXVariantGroup;
			children = (
				4C4EECA31816E00D00951B89 /* en */,
			);
			name = InfoPlist.strings;
			sourceTree = "<group>";
		};
/* End PBXVariantGroup section */

/* Begin XCBuildConfiguration section */
		4C4EECA71816E00D00951B89 /* Debug */ = {
			isa = XCBuildConfiguration;
			buildSettings = {
				ALWAYS_SEARCH_USER_PATHS = NO;
				ARCHS = "$(ARCHS_STANDARD_INCLUDING_64_BIT)";
				CLANG_CXX_LANGUAGE_STANDARD = "gnu++0x";
				CLANG_CXX_LIBRARY = "libc++";
				CLANG_ENABLE_MODULES = YES;
				CLANG_ENABLE_OBJC_ARC = YES;
				CLANG_WARN_BOOL_CONVERSION = YES;
				CLANG_WARN_CONSTANT_CONVERSION = YES;
				CLANG_WARN_DIRECT_OBJC_ISA_USAGE = YES_ERROR;
				CLANG_WARN_EMPTY_BODY = YES;
				CLANG_WARN_ENUM_CONVERSION = YES;
				CLANG_WARN_INT_CONVERSION = YES;
				CLANG_WARN_OBJC_ROOT_CLASS = YES_ERROR;
				CLANG_WARN__DUPLICATE_METHOD_MATCH = YES;
				"CODE_SIGN_IDENTITY[sdk=iphoneos*]" = "iPhone Developer";
				COPY_PHASE_STRIP = NO;
				GCC_C_LANGUAGE_STANDARD = gnu99;
				GCC_DYNAMIC_NO_PIC = NO;
				GCC_OPTIMIZATION_LEVEL = 0;
				GCC_PREPROCESSOR_DEFINITIONS = (
					"DEBUG=1",
					"$(inherited)",
				);
				GCC_SYMBOLS_PRIVATE_EXTERN = NO;
				GCC_WARN_64_TO_32_BIT_CONVERSION = YES;
				GCC_WARN_ABOUT_RETURN_TYPE = YES_ERROR;
				GCC_WARN_UNDECLARED_SELECTOR = YES;
				GCC_WARN_UNINITIALIZED_AUTOS = YES;
				GCC_WARN_UNUSED_FUNCTION = YES;
				GCC_WARN_UNUSED_VARIABLE = YES;
				IPHONEOS_DEPLOYMENT_TARGET = 7.0;
				ONLY_ACTIVE_ARCH = YES;
				SDKROOT = iphoneos;
				TARGETED_DEVICE_FAMILY = "1,2";
			};
			name = Debug;
		};
		4C4EECA81816E00D00951B89 /* Release */ = {
			isa = XCBuildConfiguration;
			buildSettings = {
				ALWAYS_SEARCH_USER_PATHS = NO;
				ARCHS = "$(ARCHS_STANDARD_INCLUDING_64_BIT)";
				CLANG_CXX_LANGUAGE_STANDARD = "gnu++0x";
				CLANG_CXX_LIBRARY = "libc++";
				CLANG_ENABLE_MODULES = YES;
				CLANG_ENABLE_OBJC_ARC = YES;
				CLANG_WARN_BOOL_CONVERSION = YES;
				CLANG_WARN_CONSTANT_CONVERSION = YES;
				CLANG_WARN_DIRECT_OBJC_ISA_USAGE = YES_ERROR;
				CLANG_WARN_EMPTY_BODY = YES;
				CLANG_WARN_ENUM_CONVERSION = YES;
				CLANG_WARN_INT_CONVERSION = YES;
				CLANG_WARN_OBJC_ROOT_CLASS = YES_ERROR;
				CLANG_WARN__DUPLICATE_METHOD_MATCH = YES;
				"CODE_SIGN_IDENTITY[sdk=iphoneos*]" = "iPhone Developer";
				COPY_PHASE_STRIP = YES;
				ENABLE_NS_ASSERTIONS = NO;
				GCC_C_LANGUAGE_STANDARD = gnu99;
				GCC_WARN_64_TO_32_BIT_CONVERSION = YES;
				GCC_WARN_ABOUT_RETURN_TYPE = YES_ERROR;
				GCC_WARN_UNDECLARED_SELECTOR = YES;
				GCC_WARN_UNINITIALIZED_AUTOS = YES;
				GCC_WARN_UNUSED_FUNCTION = YES;
				GCC_WARN_UNUSED_VARIABLE = YES;
				IPHONEOS_DEPLOYMENT_TARGET = 7.0;
				SDKROOT = iphoneos;
				TARGETED_DEVICE_FAMILY = "1,2";
				VALIDATE_PRODUCT = YES;
			};
			name = Release;
		};
		4C4EECAA1816E00D00951B89 /* Debug */ = {
			isa = XCBuildConfiguration;
			buildSettings = {
				ASSETCATALOG_COMPILER_APPICON_NAME = AppIcon;
				ASSETCATALOG_COMPILER_LAUNCHIMAGE_NAME = LaunchImage;
				GCC_PRECOMPILE_PREFIX_HEADER = YES;
				GCC_PREFIX_HEADER = "BlackAndWhite/BlackAndWhite-Prefix.pch";
				INFOPLIST_FILE = "BlackAndWhite/BlackAndWhite-Info.plist";
				IPHONEOS_DEPLOYMENT_TARGET = 7.0;
				PRODUCT_NAME = "$(TARGET_NAME)";
				WRAPPER_EXTENSION = app;
			};
			name = Debug;
		};
		4C4EECAB1816E00D00951B89 /* Release */ = {
			isa = XCBuildConfiguration;
			buildSettings = {
				ASSETCATALOG_COMPILER_APPICON_NAME = AppIcon;
				ASSETCATALOG_COMPILER_LAUNCHIMAGE_NAME = LaunchImage;
				GCC_PRECOMPILE_PREFIX_HEADER = YES;
				GCC_PREFIX_HEADER = "BlackAndWhite/BlackAndWhite-Prefix.pch";
				INFOPLIST_FILE = "BlackAndWhite/BlackAndWhite-Info.plist";
				IPHONEOS_DEPLOYMENT_TARGET = 7.0;
				PRODUCT_NAME = "$(TARGET_NAME)";
				WRAPPER_EXTENSION = app;
			};
			name = Release;
		};
		4C4EECAD1816E00D00951B89 /* Debug */ = {
			isa = XCBuildConfiguration;
			buildSettings = {
				ARCHS = "$(ARCHS_STANDARD_INCLUDING_64_BIT)";
				BUNDLE_LOADER = "$(BUILT_PRODUCTS_DIR)/BlackAndWhite.app/BlackAndWhite";
				FRAMEWORK_SEARCH_PATHS = (
					"$(SDKROOT)/Developer/Library/Frameworks",
					"$(inherited)",
					"$(DEVELOPER_FRAMEWORKS_DIR)",
				);
				GCC_PRECOMPILE_PREFIX_HEADER = YES;
				GCC_PREFIX_HEADER = "BlackAndWhite/BlackAndWhite-Prefix.pch";
				GCC_PREPROCESSOR_DEFINITIONS = (
					"DEBUG=1",
					"$(inherited)",
				);
				INFOPLIST_FILE = "BlackAndWhiteTests/BlackAndWhiteTests-Info.plist";
				PRODUCT_NAME = "$(TARGET_NAME)";
				TEST_HOST = "$(BUNDLE_LOADER)";
				WRAPPER_EXTENSION = xctest;
			};
			name = Debug;
		};
		4C4EECAE1816E00D00951B89 /* Release */ = {
			isa = XCBuildConfiguration;
			buildSettings = {
				ARCHS = "$(ARCHS_STANDARD_INCLUDING_64_BIT)";
				BUNDLE_LOADER = "$(BUILT_PRODUCTS_DIR)/BlackAndWhite.app/BlackAndWhite";
				FRAMEWORK_SEARCH_PATHS = (
					"$(SDKROOT)/Developer/Library/Frameworks",
					"$(inherited)",
					"$(DEVELOPER_FRAMEWORKS_DIR)",
				);
				GCC_PRECOMPILE_PREFIX_HEADER = YES;
				GCC_PREFIX_HEADER = "BlackAndWhite/BlackAndWhite-Prefix.pch";
				INFOPLIST_FILE = "BlackAndWhiteTests/BlackAndWhiteTests-Info.plist";
				PRODUCT_NAME = "$(TARGET_NAME)";
				TEST_HOST = "$(BUNDLE_LOADER)";
				WRAPPER_EXTENSION = xctest;
			};
			name = Release;
		};
/* End XCBuildConfiguration section */

/* Begin XCConfigurationList section */
		4C4EEC781816E00C00951B89 /* Build configuration list for PBXProject "BlackAndWhite" */ = {
			isa = XCConfigurationList;
			buildConfigurations = (
				4C4EECA71816E00D00951B89 /* Debug */,
				4C4EECA81816E00D00951B89 /* Release */,
			);
			defaultConfigurationIsVisible = 0;
			defaultConfigurationName = Release;
		};
		4C4EECA91816E00D00951B89 /* Build configuration list for PBXNativeTarget "BlackAndWhite" */ = {
			isa = XCConfigurationList;
			buildConfigurations = (
				4C4EECAA1816E00D00951B89 /* Debug */,
				4C4EECAB1816E00D00951B89 /* Release */,
			);
			defaultConfigurationIsVisible = 0;
		};
		4C4EECAC1816E00D00951B89 /* Build configuration list for PBXNativeTarget "BlackAndWhiteTests" */ = {
			isa = XCConfigurationList;
			buildConfigurations = (
				4C4EECAD1816E00D00951B89 /* Debug */,
				4C4EECAE1816E00D00951B89 /* Release */,
			);
			defaultConfigurationIsVisible = 0;
		};
/* End XCConfigurationList section */
	};
	rootObject = 4C4EEC751816E00C00951B89 /* Project object */;
}
